
Microsoft Visual Studio Solution File, Format Version 12.00
# Visual Studio Version 17
VisualStudioVersion = 17.5.33502.453
MinimumVisualStudioVersion = 10.0.40219.1
Project("{FAE04EC0-301F-11D3-BF4B-00C04F79EFBC}") = "LABWEB", "LABWEB\LABWEB.csproj", "{2E7F7527-921A-4D4B-8889-E8EDE746888E}"
EndProject
Global
	GlobalSection(SolutionConfigurationPlatforms) = preSolution
		Debug|Any CPU = Debug|Any CPU
		Release|Any CPU = Release|Any CPU
	EndGlobalSection
	GlobalSection(ProjectConfigurationPlatforms) = postSolution
		{2E7F7527-921A-4D4B-8889-E8EDE746888E}.Debug|Any CPU.ActiveCfg = Debug|Any CPU
		{2E7F7527-921A-4D4B-8889-E8EDE746888E}.Debug|Any CPU.Build.0 = Debug|Any CPU
		{2E7F7527-921A-4D4B-8889-E8EDE746888E}.Release|Any CPU.ActiveCfg = Release|Any CPU
		{2E7F7527-921A-4D4B-8889-E8EDE746888E}.Release|Any CPU.Build.0 = Release|Any CPU
	EndGlobalSection
	GlobalSection(SolutionProperties) = preSolution
		HideSolutionNode = FALSE
	EndGlobalSection
	GlobalSection(ExtensibilityGlobals) = postSolution
		SolutionGuid = {64C3A5EB-DA54-410D-9980-BB2C7C73BF3B}
	EndGlobalSection
EndGlobal
